
Microsoft Visual Studio Solution File, Format Version 12.00
# Visual Studio Version 17
VisualStudioVersion = 17.4.33205.214
MinimumVisualStudioVersion = 10.0.40219.1
Project("{FAE04EC0-301F-11D3-BF4B-00C04F79EFBC}") = "AsaxiyClone.Api", "AsaxiyClone.Api\AsaxiyClone.Api.csproj", "{42A9FA94-ED4C-4D1D-AB29-C334853F34F1}"
EndProject
Project("{FAE04EC0-301F-11D3-BF4B-00C04F79EFBC}") = "AsaxiyClone.Application", "AsaxiyClone.Application\AsaxiyClone.Application.csproj", "{C8730609-9E7A-4797-890D-11860CB57EFE}"
EndProject
Project("{FAE04EC0-301F-11D3-BF4B-00C04F79EFBC}") = "AsaxiyClone.Domain", "AsaxiyClone.Domain\AsaxiyClone.Domain.csproj", "{01DFDCF9-96C5-4115-BFD0-2F4B30A9B3A6}"
EndProject
Project("{FAE04EC0-301F-11D3-BF4B-00C04F79EFBC}") = "AsaxiyClone.Infrastructure", "AsaxiyClone.Infrastructure\AsaxiyClone.Infrastructure.csproj", "{422A2B04-0690-4851-AD5C-BBCF7B4EB9C2}"
EndProject
Global
	GlobalSection(SolutionConfigurationPlatforms) = preSolution
		Debug|Any CPU = Debug|Any CPU
		Release|Any CPU = Release|Any CPU
	EndGlobalSection
	GlobalSection(ProjectConfigurationPlatforms) = postSolution
		{42A9FA94-ED4C-4D1D-AB29-C334853F34F1}.Debug|Any CPU.ActiveCfg = Debug|Any CPU
		{42A9FA94-ED4C-4D1D-AB29-C334853F34F1}.Debug|Any CPU.Build.0 = Debug|Any CPU
		{42A9FA94-ED4C-4D1D-AB29-C334853F34F1}.Release|Any CPU.ActiveCfg = Release|Any CPU
		{42A9FA94-ED4C-4D1D-AB29-C334853F34F1}.Release|Any CPU.Build.0 = Release|Any CPU
		{C8730609-9E7A-4797-890D-11860CB57EFE}.Debug|Any CPU.ActiveCfg = Debug|Any CPU
		{C8730609-9E7A-4797-890D-11860CB57EFE}.Debug|Any CPU.Build.0 = Debug|Any CPU
		{C8730609-9E7A-4797-890D-11860CB57EFE}.Release|Any CPU.ActiveCfg = Release|Any CPU
		{C8730609-9E7A-4797-890D-11860CB57EFE}.Release|Any CPU.Build.0 = Release|Any CPU
		{01DFDCF9-96C5-4115-BFD0-2F4B30A9B3A6}.Debug|Any CPU.ActiveCfg = Debug|Any CPU
		{01DFDCF9-96C5-4115-BFD0-2F4B30A9B3A6}.Debug|Any CPU.Build.0 = Debug|Any CPU
		{01DFDCF9-96C5-4115-BFD0-2F4B30A9B3A6}.Release|Any CPU.ActiveCfg = Release|Any CPU
		{01DFDCF9-96C5-4115-BFD0-2F4B30A9B3A6}.Release|Any CPU.Build.0 = Release|Any CPU
		{422A2B04-0690-4851-AD5C-BBCF7B4EB9C2}.Debug|Any CPU.ActiveCfg = Debug|Any CPU
		{422A2B04-0690-4851-AD5C-BBCF7B4EB9C2}.Debug|Any CPU.Build.0 = Debug|Any CPU
		{422A2B04-0690-4851-AD5C-BBCF7B4EB9C2}.Release|Any CPU.ActiveCfg = Release|Any CPU
		{422A2B04-0690-4851-AD5C-BBCF7B4EB9C2}.Release|Any CPU.Build.0 = Release|Any CPU
	EndGlobalSection
	GlobalSection(SolutionProperties) = preSolution
		HideSolutionNode = FALSE
	EndGlobalSection
	GlobalSection(ExtensibilityGlobals) = postSolution
		SolutionGuid = {0F08DCC3-17B8-4032-876E-76FD5053DCD9}
	EndGlobalSection
EndGlobal
